
Microsoft Visual Studio Solution File, Format Version 12.00
# Visual Studio 15
Project("{FAE04EC0-301F-11D3-BF4B-00C04F79EFBC}") = "Assembly-CSharp", "Assembly-CSharp.csproj", "{E5290FFE-46A7-E44A-2F10-5F64FD1D2EA9}"
EndProject
Project("{FAE04EC0-301F-11D3-BF4B-00C04F79EFBC}") = "Assembly-CSharp-Editor", "Assembly-CSharp-Editor.csproj", "{DBAD19D5-B202-29CE-947D-984284E970FD}"
EndProject
Global
	GlobalSection(SolutionConfigurationPlatforms) = preSolution
		Debug|Any CPU = Debug|Any CPU
		Release|Any CPU = Release|Any CPU
	EndGlobalSection
	GlobalSection(ProjectConfigurationPlatforms) = postSolution
		{E5290FFE-46A7-E44A-2F10-5F64FD1D2EA9}.Debug|Any CPU.ActiveCfg = Debug|Any CPU
		{E5290FFE-46A7-E44A-2F10-5F64FD1D2EA9}.Debug|Any CPU.Build.0 = Debug|Any CPU
		{E5290FFE-46A7-E44A-2F10-5F64FD1D2EA9}.Release|Any CPU.ActiveCfg = Release|Any CPU
		{E5290FFE-46A7-E44A-2F10-5F64FD1D2EA9}.Release|Any CPU.Build.0 = Release|Any CPU
		{DBAD19D5-B202-29CE-947D-984284E970FD}.Debug|Any CPU.ActiveCfg = Debug|Any CPU
		{DBAD19D5-B202-29CE-947D-984284E970FD}.Debug|Any CPU.Build.0 = Debug|Any CPU
		{DBAD19D5-B202-29CE-947D-984284E970FD}.Release|Any CPU.ActiveCfg = Release|Any CPU
		{DBAD19D5-B202-29CE-947D-984284E970FD}.Release|Any CPU.Build.0 = Release|Any CPU
	EndGlobalSection
	GlobalSection(SolutionProperties) = preSolution
		HideSolutionNode = FALSE
	EndGlobalSection
EndGlobal
